
Microsoft Visual Studio Solution File, Format Version 12.00
# Visual Studio Express 14 for Windows Desktop
VisualStudioVersion = 14.0.25123.0
MinimumVisualStudioVersion = 10.0.40219.1
Project("{FAE04EC0-301F-11D3-BF4B-00C04F79EFBC}") = "vs_test01", "vs_test01\vs_test01.csproj", "{EBC44512-D7B7-411B-9FE7-F4F833590FC4}"
EndProject
Project("{FAE04EC0-301F-11D3-BF4B-00C04F79EFBC}") = "vs_test01Tests", "vs_test01Tests\vs_test01Tests.csproj", "{A41E3B62-DEA7-4F6D-890C-BE92BEE65094}"
EndProject
Global
	GlobalSection(SolutionConfigurationPlatforms) = preSolution
		Debug|Any CPU = Debug|Any CPU
		Release|Any CPU = Release|Any CPU
	EndGlobalSection
	GlobalSection(ProjectConfigurationPlatforms) = postSolution
		{EBC44512-D7B7-411B-9FE7-F4F833590FC4}.Debug|Any CPU.ActiveCfg = Debug|Any CPU
		{EBC44512-D7B7-411B-9FE7-F4F833590FC4}.Debug|Any CPU.Build.0 = Debug|Any CPU
		{EBC44512-D7B7-411B-9FE7-F4F833590FC4}.Release|Any CPU.ActiveCfg = Release|Any CPU
		{EBC44512-D7B7-411B-9FE7-F4F833590FC4}.Release|Any CPU.Build.0 = Release|Any CPU
		{A41E3B62-DEA7-4F6D-890C-BE92BEE65094}.Debug|Any CPU.ActiveCfg = Debug|Any CPU
		{A41E3B62-DEA7-4F6D-890C-BE92BEE65094}.Debug|Any CPU.Build.0 = Debug|Any CPU
		{A41E3B62-DEA7-4F6D-890C-BE92BEE65094}.Release|Any CPU.ActiveCfg = Release|Any CPU
		{A41E3B62-DEA7-4F6D-890C-BE92BEE65094}.Release|Any CPU.Build.0 = Release|Any CPU
	EndGlobalSection
	GlobalSection(SolutionProperties) = preSolution
		HideSolutionNode = FALSE
	EndGlobalSection
EndGlobal
